
Microsoft Visual Studio Solution File, Format Version 12.00
# Visual Studio 15
Project("{FAE04EC0-301F-11D3-BF4B-00C04F79EFBC}") = "Unity.Timeline", "Unity.Timeline.csproj", "{501A78F7-1459-7E91-B540-0A919F5A0ED9}"
EndProject
Project("{FAE04EC0-301F-11D3-BF4B-00C04F79EFBC}") = "Unity.2D.Aseprite.Editor", "Unity.2D.Aseprite.Editor.csproj", "{CC241361-07A6-A6F1-6903-2356CE96499C}"
EndProject
Project("{FAE04EC0-301F-11D3-BF4B-00C04F79EFBC}") = "Unity.VisualScripting.Flow", "Unity.VisualScripting.Flow.csproj", "{C62251D4-C96D-B9F7-2625-8EE3D8E77330}"
EndProject
Project("{FAE04EC0-301F-11D3-BF4B-00C04F79EFBC}") = "Unity.Timeline.Editor", "Unity.Timeline.Editor.csproj", "{EAC5C26F-7C62-6495-D4BC-4A901674BE45}"
EndProject
Project("{FAE04EC0-301F-11D3-BF4B-00C04F79EFBC}") = "Unity.PlasticSCM.Editor", "Unity.PlasticSCM.Editor.csproj", "{3A1A1F7C-1CF2-A978-B4E2-2A2F2B5733F7}"
EndProject
Project("{FAE04EC0-301F-11D3-BF4B-00C04F79EFBC}") = "Unity.Mathematics", "Unity.Mathematics.csproj", "{7CD87FE2-F2A5-EAEC-4F22-CFFE226B898C}"
EndProject
Project("{FAE04EC0-301F-11D3-BF4B-00C04F79EFBC}") = "Unity.2D.Common.Path.Editor", "Unity.2D.Common.Path.Editor.csproj", "{4E00CF9C-BC46-D360-7897-D812CE247AAE}"
EndProject
Project("{FAE04EC0-301F-11D3-BF4B-00C04F79EFBC}") = "Unity.2D.Psdimporter.Editor", "Unity.2D.Psdimporter.Editor.csproj", "{6AD7D117-92DB-A0FD-AB5C-F55C56A3C33B}"
EndProject
Project("{FAE04EC0-301F-11D3-BF4B-00C04F79EFBC}") = "Unity.2D.IK.Runtime", "Unity.2D.IK.Runtime.csproj", "{F278DB30-6827-14D3-30F0-8A63587D22B3}"
EndProject
Project("{FAE04EC0-301F-11D3-BF4B-00C04F79EFBC}") = "Unity.VisualScripting.Core.Editor", "Unity.VisualScripting.Core.Editor.csproj", "{F2C7932F-D7D1-F49F-A578-B0E20A2E2C76}"
EndProject
Project("{FAE04EC0-301F-11D3-BF4B-00C04F79EFBC}") = "UnityEngine.UI", "UnityEngine.UI.csproj", "{8E7BC363-A124-BBDF-5D99-DF685228BC1D}"
EndProject
Project("{FAE04EC0-301F-11D3-BF4B-00C04F79EFBC}") = "UnityEditor.TestRunner", "UnityEditor.TestRunner.csproj", "{4F6E477C-420D-4701-548F-918DF9F16EFC}"
EndProject
Project("{FAE04EC0-301F-11D3-BF4B-00C04F79EFBC}") = "UnityEngine.TestRunner", "UnityEngine.TestRunner.csproj", "{852CA6BD-016E-D84D-95C2-00332CC8E17D}"
EndProject
Project("{FAE04EC0-301F-11D3-BF4B-00C04F79EFBC}") = "Unity.VisualScripting.Core", "Unity.VisualScripting.Core.csproj", "{BD1FEDBF-A60E-0BF7-EE49-909FDF3A4DDD}"
EndProject
Project("{FAE04EC0-301F-11D3-BF4B-00C04F79EFBC}") = "Unity.VisualScripting.Flow.Editor", "Unity.VisualScripting.Flow.Editor.csproj", "{F440239D-15BB-5214-1154-5CCA53BDBAD0}"
EndProject
Project("{FAE04EC0-301F-11D3-BF4B-00C04F79EFBC}") = "Unity.2D.Tilemap.Editor", "Unity.2D.Tilemap.Editor.csproj", "{02643D6D-95DC-685F-5313-E38C8E0521CD}"
EndProject
Project("{FAE04EC0-301F-11D3-BF4B-00C04F79EFBC}") = "Unity.Burst", "Unity.Burst.csproj", "{D33D6614-FAE3-06FC-0058-5D779B2B1B20}"
EndProject
Project("{FAE04EC0-301F-11D3-BF4B-00C04F79EFBC}") = "PsdPlugin", "PsdPlugin.csproj", "{A831BA7B-5C8D-F7CF-8B96-EA0D8A7F3BE2}"
EndProject
Project("{FAE04EC0-301F-11D3-BF4B-00C04F79EFBC}") = "Unity.Collections", "Unity.Collections.csproj", "{2E2A7A9B-E492-8FD8-C6D3-3B7E42B3A4A7}"
EndProject
Project("{FAE04EC0-301F-11D3-BF4B-00C04F79EFBC}") = "Unity.2D.Animation.Editor", "Unity.2D.Animation.Editor.csproj", "{356D6463-83EF-B890-E4EE-E172970EDB36}"
EndProject
Project("{FAE04EC0-301F-11D3-BF4B-00C04F79EFBC}") = "Unity.2D.SpriteShape.Editor", "Unity.2D.SpriteShape.Editor.csproj", "{F18440E4-F8C6-3C6F-2466-29016C3F3B73}"
EndProject
Project("{FAE04EC0-301F-11D3-BF4B-00C04F79EFBC}") = "Unity.VisualStudio.Editor", "Unity.VisualStudio.Editor.csproj", "{728B50E2-3489-72BF-72F0-A4876EDB949C}"
EndProject
Project("{FAE04EC0-301F-11D3-BF4B-00C04F79EFBC}") = "Unity.TextMeshPro.Editor", "Unity.TextMeshPro.Editor.csproj", "{2B18C228-5227-1DD6-F7D5-AB0DD9FA78FC}"
EndProject
Project("{FAE04EC0-301F-11D3-BF4B-00C04F79EFBC}") = "Unity.Rider.Editor", "Unity.Rider.Editor.csproj", "{6BAD6391-B0BE-98A5-3D82-53FCF0EE3E1E}"
EndProject
Project("{FAE04EC0-301F-11D3-BF4B-00C04F79EFBC}") = "Unity.InternalAPIEditorBridge.001", "Unity.InternalAPIEditorBridge.001.csproj", "{8934D1F5-B6A5-627F-77DD-D19F0B209700}"
EndProject
Project("{FAE04EC0-301F-11D3-BF4B-00C04F79EFBC}") = "Unity.2D.SpriteShape.Runtime", "Unity.2D.SpriteShape.Runtime.csproj", "{1794FDF0-61BF-00FC-4069-D4E805F65F9F}"
EndProject
Project("{FAE04EC0-301F-11D3-BF4B-00C04F79EFBC}") = "Unity.VisualScripting.State.Editor", "Unity.VisualScripting.State.Editor.csproj", "{993F266A-EB0A-A544-47AA-F639D4C3A697}"
EndProject
Project("{FAE04EC0-301F-11D3-BF4B-00C04F79EFBC}") = "ScriptablePacker", "ScriptablePacker.csproj", "{62F4061A-9419-B8EF-B8F9-675CD4F25280}"
EndProject
Project("{FAE04EC0-301F-11D3-BF4B-00C04F79EFBC}") = "Unity.Burst.CodeGen", "Unity.Burst.CodeGen.csproj", "{05035B9B-29FD-7D6D-D6E5-32D2C5896D52}"
EndProject
Project("{FAE04EC0-301F-11D3-BF4B-00C04F79EFBC}") = "Unity.VisualScripting.State", "Unity.VisualScripting.State.csproj", "{E438396B-E8A7-4B0B-770E-9EAAFADDB195}"
EndProject
Project("{FAE04EC0-301F-11D3-BF4B-00C04F79EFBC}") = "Assembly-CSharp", "Assembly-CSharp.csproj", "{5A9C2F14-3360-0B33-A9F6-40969182A8C3}"
EndProject
Project("{FAE04EC0-301F-11D3-BF4B-00C04F79EFBC}") = "Unity.2D.Tilemap.Extras.Editor", "Unity.2D.Tilemap.Extras.Editor.csproj", "{4C33CA63-99CE-1808-898A-E575249C2C99}"
EndProject
Project("{FAE04EC0-301F-11D3-BF4B-00C04F79EFBC}") = "Unity.2D.Animation.Runtime", "Unity.2D.Animation.Runtime.csproj", "{6C3E6EDC-A0DC-B8B8-5DE9-EED2DF4A8424}"
EndProject
Project("{FAE04EC0-301F-11D3-BF4B-00C04F79EFBC}") = "UnityEditor.UI", "UnityEditor.UI.csproj", "{73FEAA30-1987-C336-8FF8-3C53922C0058}"
EndProject
Project("{FAE04EC0-301F-11D3-BF4B-00C04F79EFBC}") = "Unity.TextMeshPro", "Unity.TextMeshPro.csproj", "{64E8DA8D-B016-0BD6-024C-8476684D7EB4}"
EndProject
Project("{FAE04EC0-301F-11D3-BF4B-00C04F79EFBC}") = "Unity.VisualScripting.SettingsProvider.Editor", "Unity.VisualScripting.SettingsProvider.Editor.csproj", "{6E1A5162-7097-FB03-0EC0-949F76206EF7}"
EndProject
Project("{FAE04EC0-301F-11D3-BF4B-00C04F79EFBC}") = "Unity.2D.IK.Editor", "Unity.2D.IK.Editor.csproj", "{FF890F83-0664-58AB-15E6-B73370908FAC}"
EndProject
Project("{FAE04EC0-301F-11D3-BF4B-00C04F79EFBC}") = "Unity.InternalAPIEngineBridge.001", "Unity.InternalAPIEngineBridge.001.csproj", "{CCE786DB-7F32-992F-238C-20C4D78EEC24}"
EndProject
Project("{FAE04EC0-301F-11D3-BF4B-00C04F79EFBC}") = "Unity.Burst.Editor", "Unity.Burst.Editor.csproj", "{8B746E93-61F1-61A5-6D77-A00A2F156380}"
EndProject
Project("{FAE04EC0-301F-11D3-BF4B-00C04F79EFBC}") = "Unity.2D.Aseprite.Common", "Unity.2D.Aseprite.Common.csproj", "{DA97F2A7-722D-06A9-A4E1-FBF7947D8382}"
EndProject
Project("{FAE04EC0-301F-11D3-BF4B-00C04F79EFBC}") = "Unity.2D.Common.Editor", "Unity.2D.Common.Editor.csproj", "{EFCC1F87-6BF6-00A2-83E0-79CD78BB11D9}"
EndProject
Project("{FAE04EC0-301F-11D3-BF4B-00C04F79EFBC}") = "Unity.2D.PixelPerfect", "Unity.2D.PixelPerfect.csproj", "{84F5AE5A-53DD-97A6-1829-94B92394256E}"
EndProject
Project("{FAE04EC0-301F-11D3-BF4B-00C04F79EFBC}") = "Unity.2D.PixelPerfect.Editor", "Unity.2D.PixelPerfect.Editor.csproj", "{2C02BAD5-168E-A45D-7114-34ADC70B3DAF}"
EndProject
Project("{FAE04EC0-301F-11D3-BF4B-00C04F79EFBC}") = "Unity.2D.Common.Runtime", "Unity.2D.Common.Runtime.csproj", "{D4A4ECD8-678A-95D6-14F5-91E92D5FA0F2}"
EndProject
Project("{FAE04EC0-301F-11D3-BF4B-00C04F79EFBC}") = "Unity.2D.Sprite.Editor", "Unity.2D.Sprite.Editor.csproj", "{B25769C6-E3BA-7FC1-8489-FAA9BB25C186}"
EndProject
Project("{FAE04EC0-301F-11D3-BF4B-00C04F79EFBC}") = "Unity.Mathematics.Editor", "Unity.Mathematics.Editor.csproj", "{97D4F2EE-3F00-054D-7900-EB238B0F0EFA}"
EndProject
Project("{FAE04EC0-301F-11D3-BF4B-00C04F79EFBC}") = "Unity.2D.Tilemap.Extras", "Unity.2D.Tilemap.Extras.csproj", "{DADB1654-E4A9-54AA-3491-117C1F314127}"
EndProject
Project("{FAE04EC0-301F-11D3-BF4B-00C04F79EFBC}") = "Unity.InternalAPIEditorBridge.005", "Unity.InternalAPIEditorBridge.005.csproj", "{E3DF8D5B-FB17-4B05-E732-BC33335E8A13}"
EndProject
Project("{FAE04EC0-301F-11D3-BF4B-00C04F79EFBC}") = "Unity.VisualScripting.Shared.Editor", "Unity.VisualScripting.Shared.Editor.csproj", "{F9713D8E-77E7-9141-08E4-578624E3DA66}"
EndProject
Project("{FAE04EC0-301F-11D3-BF4B-00C04F79EFBC}") = "Unity.Collections.DocCodeSamples", "Unity.Collections.DocCodeSamples.csproj", "{65630BD3-6E92-73E1-D148-25F0B064F7A1}"
EndProject
Project("{FAE04EC0-301F-11D3-BF4B-00C04F79EFBC}") = "Unity.Collections.BurstCompatibilityGen", "Unity.Collections.BurstCompatibilityGen.csproj", "{DF69917B-EEE1-F6DB-CAA0-E16C91EA0148}"
EndProject
Project("{FAE04EC0-301F-11D3-BF4B-00C04F79EFBC}") = "Unity.CollabProxy.Editor", "Unity.CollabProxy.Editor.csproj", "{88049E9B-8B17-4514-D569-7E7E1CC267E7}"
EndProject
Project("{FAE04EC0-301F-11D3-BF4B-00C04F79EFBC}") = "Unity.Timeline", "Unity.Timeline.Player.csproj", "{448EE8B4-BE69-5804-4FEA-AC48772D9A21}"
EndProject
Project("{FAE04EC0-301F-11D3-BF4B-00C04F79EFBC}") = "Unity.VisualScripting.Flow", "Unity.VisualScripting.Flow.Player.csproj", "{57D2A069-8264-A7DA-A245-158D8C3BD366}"
EndProject
Project("{FAE04EC0-301F-11D3-BF4B-00C04F79EFBC}") = "Unity.Mathematics", "Unity.Mathematics.Player.csproj", "{BC18E1B3-B07C-E556-C44F-77433E801686}"
EndProject
Project("{FAE04EC0-301F-11D3-BF4B-00C04F79EFBC}") = "Unity.2D.IK.Runtime", "Unity.2D.IK.Runtime.Player.csproj", "{CFB0FD95-A5AA-12CA-6656-BC8E5B6B2FA4}"
EndProject
Project("{FAE04EC0-301F-11D3-BF4B-00C04F79EFBC}") = "UnityEngine.UI", "UnityEngine.UI.Player.csproj", "{58035A04-7769-35EF-1A36-E7818030078A}"
EndProject
Project("{FAE04EC0-301F-11D3-BF4B-00C04F79EFBC}") = "UnityEngine.TestRunner", "UnityEngine.TestRunner.Player.csproj", "{266C2E73-AE89-A6B9-A265-63FEB1A35B27}"
EndProject
Project("{FAE04EC0-301F-11D3-BF4B-00C04F79EFBC}") = "Unity.VisualScripting.Core", "Unity.VisualScripting.Core.Player.csproj", "{89FE8BFB-AA4E-6652-E607-33C848FF28E3}"
EndProject
Project("{FAE04EC0-301F-11D3-BF4B-00C04F79EFBC}") = "Unity.Burst", "Unity.Burst.Player.csproj", "{A6C55B2E-9A8F-3110-191B-F365AA965DC9}"
EndProject
Project("{FAE04EC0-301F-11D3-BF4B-00C04F79EFBC}") = "Unity.Collections", "Unity.Collections.Player.csproj", "{7CF22034-CA78-6D57-EBDE-E6A038ED3822}"
EndProject
Project("{FAE04EC0-301F-11D3-BF4B-00C04F79EFBC}") = "Unity.2D.SpriteShape.Runtime", "Unity.2D.SpriteShape.Runtime.Player.csproj", "{C0907002-011B-A669-31CB-A3C54FA5507F}"
EndProject
Project("{FAE04EC0-301F-11D3-BF4B-00C04F79EFBC}") = "Unity.VisualScripting.State", "Unity.VisualScripting.State.Player.csproj", "{C3EB3E7E-9B46-DD91-2471-D8FA8A92202F}"
EndProject
Project("{FAE04EC0-301F-11D3-BF4B-00C04F79EFBC}") = "Assembly-CSharp", "Assembly-CSharp.Player.csproj", "{081F2270-8C58-55E3-6AC1-3DC95D40A223}"
EndProject
Project("{FAE04EC0-301F-11D3-BF4B-00C04F79EFBC}") = "Unity.2D.Animation.Runtime", "Unity.2D.Animation.Runtime.Player.csproj", "{C8AF5E65-0618-9EDE-458F-11BF3D68F391}"
EndProject
Project("{FAE04EC0-301F-11D3-BF4B-00C04F79EFBC}") = "Unity.TextMeshPro", "Unity.TextMeshPro.Player.csproj", "{60BC3277-6D97-B39E-17DA-804D5C21148C}"
EndProject
Project("{FAE04EC0-301F-11D3-BF4B-00C04F79EFBC}") = "Unity.InternalAPIEngineBridge.001", "Unity.InternalAPIEngineBridge.001.Player.csproj", "{ACEE884B-BD8F-1DB3-2EC8-A31D438C77FF}"
EndProject
Project("{FAE04EC0-301F-11D3-BF4B-00C04F79EFBC}") = "Unity.2D.PixelPerfect", "Unity.2D.PixelPerfect.Player.csproj", "{CE6777DE-A79A-AA93-9688-7D6FFEF4CE43}"
EndProject
Project("{FAE04EC0-301F-11D3-BF4B-00C04F79EFBC}") = "Unity.2D.Common.Runtime", "Unity.2D.Common.Runtime.Player.csproj", "{F3F3ED51-0D26-7A3E-8F01-F18F77199FAD}"
EndProject
Project("{FAE04EC0-301F-11D3-BF4B-00C04F79EFBC}") = "Unity.2D.Tilemap.Extras", "Unity.2D.Tilemap.Extras.Player.csproj", "{F308F53E-C112-F9F4-AA24-E0FDE6521501}"
EndProject
Global
	GlobalSection(SolutionConfigurationPlatforms) = preSolution
		Debug|Any CPU = Debug|Any CPU
		Release|Any CPU = Release|Any CPU
	EndGlobalSection
	GlobalSection(ProjectConfigurationPlatforms) = postSolution
		{501A78F7-1459-7E91-B540-0A919F5A0ED9}.Debug|Any CPU.ActiveCfg = Debug|Any CPU
		{501A78F7-1459-7E91-B540-0A919F5A0ED9}.Debug|Any CPU.Build.0 = Debug|Any CPU
		{501A78F7-1459-7E91-B540-0A919F5A0ED9}.Release|Any CPU.ActiveCfg = Release|Any CPU
		{501A78F7-1459-7E91-B540-0A919F5A0ED9}.Release|Any CPU.Build.0 = Release|Any CPU
		{CC241361-07A6-A6F1-6903-2356CE96499C}.Debug|Any CPU.ActiveCfg = Debug|Any CPU
		{CC241361-07A6-A6F1-6903-2356CE96499C}.Debug|Any CPU.Build.0 = Debug|Any CPU
		{CC241361-07A6-A6F1-6903-2356CE96499C}.Release|Any CPU.ActiveCfg = Release|Any CPU
		{CC241361-07A6-A6F1-6903-2356CE96499C}.Release|Any CPU.Build.0 = Release|Any CPU
		{C62251D4-C96D-B9F7-2625-8EE3D8E77330}.Debug|Any CPU.ActiveCfg = Debug|Any CPU
		{C62251D4-C96D-B9F7-2625-8EE3D8E77330}.Debug|Any CPU.Build.0 = Debug|Any CPU
		{C62251D4-C96D-B9F7-2625-8EE3D8E77330}.Release|Any CPU.ActiveCfg = Release|Any CPU
		{C62251D4-C96D-B9F7-2625-8EE3D8E77330}.Release|Any CPU.Build.0 = Release|Any CPU
		{EAC5C26F-7C62-6495-D4BC-4A901674BE45}.Debug|Any CPU.ActiveCfg = Debug|Any CPU
		{EAC5C26F-7C62-6495-D4BC-4A901674BE45}.Debug|Any CPU.Build.0 = Debug|Any CPU
		{EAC5C26F-7C62-6495-D4BC-4A901674BE45}.Release|Any CPU.ActiveCfg = Release|Any CPU
		{EAC5C26F-7C62-6495-D4BC-4A901674BE45}.Release|Any CPU.Build.0 = Release|Any CPU
		{3A1A1F7C-1CF2-A978-B4E2-2A2F2B5733F7}.Debug|Any CPU.ActiveCfg = Debug|Any CPU
		{3A1A1F7C-1CF2-A978-B4E2-2A2F2B5733F7}.Debug|Any CPU.Build.0 = Debug|Any CPU
		{3A1A1F7C-1CF2-A978-B4E2-2A2F2B5733F7}.Release|Any CPU.ActiveCfg = Release|Any CPU
		{3A1A1F7C-1CF2-A978-B4E2-2A2F2B5733F7}.Release|Any CPU.Build.0 = Release|Any CPU
		{7CD87FE2-F2A5-EAEC-4F22-CFFE226B898C}.Debug|Any CPU.ActiveCfg = Debug|Any CPU
		{7CD87FE2-F2A5-EAEC-4F22-CFFE226B898C}.Debug|Any CPU.Build.0 = Debug|Any CPU
		{7CD87FE2-F2A5-EAEC-4F22-CFFE226B898C}.Release|Any CPU.ActiveCfg = Release|Any CPU
		{7CD87FE2-F2A5-EAEC-4F22-CFFE226B898C}.Release|Any CPU.Build.0 = Release|Any CPU
		{4E00CF9C-BC46-D360-7897-D812CE247AAE}.Debug|Any CPU.ActiveCfg = Debug|Any CPU
		{4E00CF9C-BC46-D360-7897-D812CE247AAE}.Debug|Any CPU.Build.0 = Debug|Any CPU
		{4E00CF9C-BC46-D360-7897-D812CE247AAE}.Release|Any CPU.ActiveCfg = Release|Any CPU
		{4E00CF9C-BC46-D360-7897-D812CE247AAE}.Release|Any CPU.Build.0 = Release|Any CPU
		{6AD7D117-92DB-A0FD-AB5C-F55C56A3C33B}.Debug|Any CPU.ActiveCfg = Debug|Any CPU
		{6AD7D117-92DB-A0FD-AB5C-F55C56A3C33B}.Debug|Any CPU.Build.0 = Debug|Any CPU
		{6AD7D117-92DB-A0FD-AB5C-F55C56A3C33B}.Release|Any CPU.ActiveCfg = Release|Any CPU
		{6AD7D117-92DB-A0FD-AB5C-F55C56A3C33B}.Release|Any CPU.Build.0 = Release|Any CPU
		{F278DB30-6827-14D3-30F0-8A63587D22B3}.Debug|Any CPU.ActiveCfg = Debug|Any CPU
		{F278DB30-6827-14D3-30F0-8A63587D22B3}.Debug|Any CPU.Build.0 = Debug|Any CPU
		{F278DB30-6827-14D3-30F0-8A63587D22B3}.Release|Any CPU.ActiveCfg = Release|Any CPU
		{F278DB30-6827-14D3-30F0-8A63587D22B3}.Release|Any CPU.Build.0 = Release|Any CPU
		{F2C7932F-D7D1-F49F-A578-B0E20A2E2C76}.Debug|Any CPU.ActiveCfg = Debug|Any CPU
		{F2C7932F-D7D1-F49F-A578-B0E20A2E2C76}.Debug|Any CPU.Build.0 = Debug|Any CPU
		{F2C7932F-D7D1-F49F-A578-B0E20A2E2C76}.Release|Any CPU.ActiveCfg = Release|Any CPU
		{F2C7932F-D7D1-F49F-A578-B0E20A2E2C76}.Release|Any CPU.Build.0 = Release|Any CPU
		{8E7BC363-A124-BBDF-5D99-DF685228BC1D}.Debug|Any CPU.ActiveCfg = Debug|Any CPU
		{8E7BC363-A124-BBDF-5D99-DF685228BC1D}.Debug|Any CPU.Build.0 = Debug|Any CPU
		{8E7BC363-A124-BBDF-5D99-DF685228BC1D}.Release|Any CPU.ActiveCfg = Release|Any CPU
		{8E7BC363-A124-BBDF-5D99-DF685228BC1D}.Release|Any CPU.Build.0 = Release|Any CPU
		{4F6E477C-420D-4701-548F-918DF9F16EFC}.Debug|Any CPU.ActiveCfg = Debug|Any CPU
		{4F6E477C-420D-4701-548F-918DF9F16EFC}.Debug|Any CPU.Build.0 = Debug|Any CPU
		{4F6E477C-420D-4701-548F-918DF9F16EFC}.Release|Any CPU.ActiveCfg = Release|Any CPU
		{4F6E477C-420D-4701-548F-918DF9F16EFC}.Release|Any CPU.Build.0 = Release|Any CPU
		{852CA6BD-016E-D84D-95C2-00332CC8E17D}.Debug|Any CPU.ActiveCfg = Debug|Any CPU
		{852CA6BD-016E-D84D-95C2-00332CC8E17D}.Debug|Any CPU.Build.0 = Debug|Any CPU
		{852CA6BD-016E-D84D-95C2-00332CC8E17D}.Release|Any CPU.ActiveCfg = Release|Any CPU
		{852CA6BD-016E-D84D-95C2-00332CC8E17D}.Release|Any CPU.Build.0 = Release|Any CPU
		{BD1FEDBF-A60E-0BF7-EE49-909FDF3A4DDD}.Debug|Any CPU.ActiveCfg = Debug|Any CPU
		{BD1FEDBF-A60E-0BF7-EE49-909FDF3A4DDD}.Debug|Any CPU.Build.0 = Debug|Any CPU
		{BD1FEDBF-A60E-0BF7-EE49-909FDF3A4DDD}.Release|Any CPU.ActiveCfg = Release|Any CPU
		{BD1FEDBF-A60E-0BF7-EE49-909FDF3A4DDD}.Release|Any CPU.Build.0 = Release|Any CPU
		{F440239D-15BB-5214-1154-5CCA53BDBAD0}.Debug|Any CPU.ActiveCfg = Debug|Any CPU
		{F440239D-15BB-5214-1154-5CCA53BDBAD0}.Debug|Any CPU.Build.0 = Debug|Any CPU
		{F440239D-15BB-5214-1154-5CCA53BDBAD0}.Release|Any CPU.ActiveCfg = Release|Any CPU
		{F440239D-15BB-5214-1154-5CCA53BDBAD0}.Release|Any CPU.Build.0 = Release|Any CPU
		{02643D6D-95DC-685F-5313-E38C8E0521CD}.Debug|Any CPU.ActiveCfg = Debug|Any CPU
		{02643D6D-95DC-685F-5313-E38C8E0521CD}.Debug|Any CPU.Build.0 = Debug|Any CPU
		{02643D6D-95DC-685F-5313-E38C8E0521CD}.Release|Any CPU.ActiveCfg = Release|Any CPU
		{02643D6D-95DC-685F-5313-E38C8E0521CD}.Release|Any CPU.Build.0 = Release|Any CPU
		{D33D6614-FAE3-06FC-0058-5D779B2B1B20}.Debug|Any CPU.ActiveCfg = Debug|Any CPU
		{D33D6614-FAE3-06FC-0058-5D779B2B1B20}.Debug|Any CPU.Build.0 = Debug|Any CPU
		{D33D6614-FAE3-06FC-0058-5D779B2B1B20}.Release|Any CPU.ActiveCfg = Release|Any CPU
		{D33D6614-FAE3-06FC-0058-5D779B2B1B20}.Release|Any CPU.Build.0 = Release|Any CPU
		{A831BA7B-5C8D-F7CF-8B96-EA0D8A7F3BE2}.Debug|Any CPU.ActiveCfg = Debug|Any CPU
		{A831BA7B-5C8D-F7CF-8B96-EA0D8A7F3BE2}.Debug|Any CPU.Build.0 = Debug|Any CPU
		{A831BA7B-5C8D-F7CF-8B96-EA0D8A7F3BE2}.Release|Any CPU.ActiveCfg = Release|Any CPU
		{A831BA7B-5C8D-F7CF-8B96-EA0D8A7F3BE2}.Release|Any CPU.Build.0 = Release|Any CPU
		{2E2A7A9B-E492-8FD8-C6D3-3B7E42B3A4A7}.Debug|Any CPU.ActiveCfg = Debug|Any CPU
		{2E2A7A9B-E492-8FD8-C6D3-3B7E42B3A4A7}.Debug|Any CPU.Build.0 = Debug|Any CPU
		{2E2A7A9B-E492-8FD8-C6D3-3B7E42B3A4A7}.Release|Any CPU.ActiveCfg = Release|Any CPU
		{2E2A7A9B-E492-8FD8-C6D3-3B7E42B3A4A7}.Release|Any CPU.Build.0 = Release|Any CPU
		{356D6463-83EF-B890-E4EE-E172970EDB36}.Debug|Any CPU.ActiveCfg = Debug|Any CPU
		{356D6463-83EF-B890-E4EE-E172970EDB36}.Debug|Any CPU.Build.0 = Debug|Any CPU
		{356D6463-83EF-B890-E4EE-E172970EDB36}.Release|Any CPU.ActiveCfg = Release|Any CPU
		{356D6463-83EF-B890-E4EE-E172970EDB36}.Release|Any CPU.Build.0 = Release|Any CPU
		{F18440E4-F8C6-3C6F-2466-29016C3F3B73}.Debug|Any CPU.ActiveCfg = Debug|Any CPU
		{F18440E4-F8C6-3C6F-2466-29016C3F3B73}.Debug|Any CPU.Build.0 = Debug|Any CPU
		{F18440E4-F8C6-3C6F-2466-29016C3F3B73}.Release|Any CPU.ActiveCfg = Release|Any CPU
		{F18440E4-F8C6-3C6F-2466-29016C3F3B73}.Release|Any CPU.Build.0 = Release|Any CPU
		{728B50E2-3489-72BF-72F0-A4876EDB949C}.Debug|Any CPU.ActiveCfg = Debug|Any CPU
		{728B50E2-3489-72BF-72F0-A4876EDB949C}.Debug|Any CPU.Build.0 = Debug|Any CPU
		{728B50E2-3489-72BF-72F0-A4876EDB949C}.Release|Any CPU.ActiveCfg = Release|Any CPU
		{728B50E2-3489-72BF-72F0-A4876EDB949C}.Release|Any CPU.Build.0 = Release|Any CPU
		{2B18C228-5227-1DD6-F7D5-AB0DD9FA78FC}.Debug|Any CPU.ActiveCfg = Debug|Any CPU
		{2B18C228-5227-1DD6-F7D5-AB0DD9FA78FC}.Debug|Any CPU.Build.0 = Debug|Any CPU
		{2B18C228-5227-1DD6-F7D5-AB0DD9FA78FC}.Release|Any CPU.ActiveCfg = Release|Any CPU
		{2B18C228-5227-1DD6-F7D5-AB0DD9FA78FC}.Release|Any CPU.Build.0 = Release|Any CPU
		{6BAD6391-B0BE-98A5-3D82-53FCF0EE3E1E}.Debug|Any CPU.ActiveCfg = Debug|Any CPU
		{6BAD6391-B0BE-98A5-3D82-53FCF0EE3E1E}.Debug|Any CPU.Build.0 = Debug|Any CPU
		{6BAD6391-B0BE-98A5-3D82-53FCF0EE3E1E}.Release|Any CPU.ActiveCfg = Release|Any CPU
		{6BAD6391-B0BE-98A5-3D82-53FCF0EE3E1E}.Release|Any CPU.Build.0 = Release|Any CPU
		{8934D1F5-B6A5-627F-77DD-D19F0B209700}.Debug|Any CPU.ActiveCfg = Debug|Any CPU
		{8934D1F5-B6A5-627F-77DD-D19F0B209700}.Debug|Any CPU.Build.0 = Debug|Any CPU
		{8934D1F5-B6A5-627F-77DD-D19F0B209700}.Release|Any CPU.ActiveCfg = Release|Any CPU
		{8934D1F5-B6A5-627F-77DD-D19F0B209700}.Release|Any CPU.Build.0 = Release|Any CPU
		{1794FDF0-61BF-00FC-4069-D4E805F65F9F}.Debug|Any CPU.ActiveCfg = Debug|Any CPU
		{1794FDF0-61BF-00FC-4069-D4E805F65F9F}.Debug|Any CPU.Build.0 = Debug|Any CPU
		{1794FDF0-61BF-00FC-4069-D4E805F65F9F}.Release|Any CPU.ActiveCfg = Release|Any CPU
		{1794FDF0-61BF-00FC-4069-D4E805F65F9F}.Release|Any CPU.Build.0 = Release|Any CPU
		{993F266A-EB0A-A544-47AA-F639D4C3A697}.Debug|Any CPU.ActiveCfg = Debug|Any CPU
		{993F266A-EB0A-A544-47AA-F639D4C3A697}.Debug|Any CPU.Build.0 = Debug|Any CPU
		{993F266A-EB0A-A544-47AA-F639D4C3A697}.Release|Any CPU.ActiveCfg = Release|Any CPU
		{993F266A-EB0A-A544-47AA-F639D4C3A697}.Release|Any CPU.Build.0 = Release|Any CPU
		{62F4061A-9419-B8EF-B8F9-675CD4F25280}.Debug|Any CPU.ActiveCfg = Debug|Any CPU
		{62F4061A-9419-B8EF-B8F9-675CD4F25280}.Debug|Any CPU.Build.0 = Debug|Any CPU
		{62F4061A-9419-B8EF-B8F9-675CD4F25280}.Release|Any CPU.ActiveCfg = Release|Any CPU
		{62F4061A-9419-B8EF-B8F9-675CD4F25280}.Release|Any CPU.Build.0 = Release|Any CPU
		{05035B9B-29FD-7D6D-D6E5-32D2C5896D52}.Debug|Any CPU.ActiveCfg = Debug|Any CPU
		{05035B9B-29FD-7D6D-D6E5-32D2C5896D52}.Debug|Any CPU.Build.0 = Debug|Any CPU
		{05035B9B-29FD-7D6D-D6E5-32D2C5896D52}.Release|Any CPU.ActiveCfg = Release|Any CPU
		{05035B9B-29FD-7D6D-D6E5-32D2C5896D52}.Release|Any CPU.Build.0 = Release|Any CPU
		{E438396B-E8A7-4B0B-770E-9EAAFADDB195}.Debug|Any CPU.ActiveCfg = Debug|Any CPU
		{E438396B-E8A7-4B0B-770E-9EAAFADDB195}.Debug|Any CPU.Build.0 = Debug|Any CPU
		{E438396B-E8A7-4B0B-770E-9EAAFADDB195}.Release|Any CPU.ActiveCfg = Release|Any CPU
		{E438396B-E8A7-4B0B-770E-9EAAFADDB195}.Release|Any CPU.Build.0 = Release|Any CPU
		{5A9C2F14-3360-0B33-A9F6-40969182A8C3}.Debug|Any CPU.ActiveCfg = Debug|Any CPU
		{5A9C2F14-3360-0B33-A9F6-40969182A8C3}.Debug|Any CPU.Build.0 = Debug|Any CPU
		{5A9C2F14-3360-0B33-A9F6-40969182A8C3}.Release|Any CPU.ActiveCfg = Release|Any CPU
		{5A9C2F14-3360-0B33-A9F6-40969182A8C3}.Release|Any CPU.Build.0 = Release|Any CPU
		{4C33CA63-99CE-1808-898A-E575249C2C99}.Debug|Any CPU.ActiveCfg = Debug|Any CPU
		{4C33CA63-99CE-1808-898A-E575249C2C99}.Debug|Any CPU.Build.0 = Debug|Any CPU
		{4C33CA63-99CE-1808-898A-E575249C2C99}.Release|Any CPU.ActiveCfg = Release|Any CPU
		{4C33CA63-99CE-1808-898A-E575249C2C99}.Release|Any CPU.Build.0 = Release|Any CPU
		{6C3E6EDC-A0DC-B8B8-5DE9-EED2DF4A8424}.Debug|Any CPU.ActiveCfg = Debug|Any CPU
		{6C3E6EDC-A0DC-B8B8-5DE9-EED2DF4A8424}.Debug|Any CPU.Build.0 = Debug|Any CPU
		{6C3E6EDC-A0DC-B8B8-5DE9-EED2DF4A8424}.Release|Any CPU.ActiveCfg = Release|Any CPU
		{6C3E6EDC-A0DC-B8B8-5DE9-EED2DF4A8424}.Release|Any CPU.Build.0 = Release|Any CPU
		{73FEAA30-1987-C336-8FF8-3C53922C0058}.Debug|Any CPU.ActiveCfg = Debug|Any CPU
		{73FEAA30-1987-C336-8FF8-3C53922C0058}.Debug|Any CPU.Build.0 = Debug|Any CPU
		{73FEAA30-1987-C336-8FF8-3C53922C0058}.Release|Any CPU.ActiveCfg = Release|Any CPU
		{73FEAA30-1987-C336-8FF8-3C53922C0058}.Release|Any CPU.Build.0 = Release|Any CPU
		{64E8DA8D-B016-0BD6-024C-8476684D7EB4}.Debug|Any CPU.ActiveCfg = Debug|Any CPU
		{64E8DA8D-B016-0BD6-024C-8476684D7EB4}.Debug|Any CPU.Build.0 = Debug|Any CPU
		{64E8DA8D-B016-0BD6-024C-8476684D7EB4}.Release|Any CPU.ActiveCfg = Release|Any CPU
		{64E8DA8D-B016-0BD6-024C-8476684D7EB4}.Release|Any CPU.Build.0 = Release|Any CPU
		{6E1A5162-7097-FB03-0EC0-949F76206EF7}.Debug|Any CPU.ActiveCfg = Debug|Any CPU
		{6E1A5162-7097-FB03-0EC0-949F76206EF7}.Debug|Any CPU.Build.0 = Debug|Any CPU
		{6E1A5162-7097-FB03-0EC0-949F76206EF7}.Release|Any CPU.ActiveCfg = Release|Any CPU
		{6E1A5162-7097-FB03-0EC0-949F76206EF7}.Release|Any CPU.Build.0 = Release|Any CPU
		{FF890F83-0664-58AB-15E6-B73370908FAC}.Debug|Any CPU.ActiveCfg = Debug|Any CPU
		{FF890F83-0664-58AB-15E6-B73370908FAC}.Debug|Any CPU.Build.0 = Debug|Any CPU
		{FF890F83-0664-58AB-15E6-B73370908FAC}.Release|Any CPU.ActiveCfg = Release|Any CPU
		{FF890F83-0664-58AB-15E6-B73370908FAC}.Release|Any CPU.Build.0 = Release|Any CPU
		{CCE786DB-7F32-992F-238C-20C4D78EEC24}.Debug|Any CPU.ActiveCfg = Debug|Any CPU
		{CCE786DB-7F32-992F-238C-20C4D78EEC24}.Debug|Any CPU.Build.0 = Debug|Any CPU
		{CCE786DB-7F32-992F-238C-20C4D78EEC24}.Release|Any CPU.ActiveCfg = Release|Any CPU
		{CCE786DB-7F32-992F-238C-20C4D78EEC24}.Release|Any CPU.Build.0 = Release|Any CPU
		{8B746E93-61F1-61A5-6D77-A00A2F156380}.Debug|Any CPU.ActiveCfg = Debug|Any CPU
		{8B746E93-61F1-61A5-6D77-A00A2F156380}.Debug|Any CPU.Build.0 = Debug|Any CPU
		{8B746E93-61F1-61A5-6D77-A00A2F156380}.Release|Any CPU.ActiveCfg = Release|Any CPU
		{8B746E93-61F1-61A5-6D77-A00A2F156380}.Release|Any CPU.Build.0 = Release|Any CPU
		{DA97F2A7-722D-06A9-A4E1-FBF7947D8382}.Debug|Any CPU.ActiveCfg = Debug|Any CPU
		{DA97F2A7-722D-06A9-A4E1-FBF7947D8382}.Debug|Any CPU.Build.0 = Debug|Any CPU
		{DA97F2A7-722D-06A9-A4E1-FBF7947D8382}.Release|Any CPU.ActiveCfg = Release|Any CPU
		{DA97F2A7-722D-06A9-A4E1-FBF7947D8382}.Release|Any CPU.Build.0 = Release|Any CPU
		{EFCC1F87-6BF6-00A2-83E0-79CD78BB11D9}.Debug|Any CPU.ActiveCfg = Debug|Any CPU
		{EFCC1F87-6BF6-00A2-83E0-79CD78BB11D9}.Debug|Any CPU.Build.0 = Debug|Any CPU
		{EFCC1F87-6BF6-00A2-83E0-79CD78BB11D9}.Release|Any CPU.ActiveCfg = Release|Any CPU
		{EFCC1F87-6BF6-00A2-83E0-79CD78BB11D9}.Release|Any CPU.Build.0 = Release|Any CPU
		{84F5AE5A-53DD-97A6-1829-94B92394256E}.Debug|Any CPU.ActiveCfg = Debug|Any CPU
		{84F5AE5A-53DD-97A6-1829-94B92394256E}.Debug|Any CPU.Build.0 = Debug|Any CPU
		{84F5AE5A-53DD-97A6-1829-94B92394256E}.Release|Any CPU.ActiveCfg = Release|Any CPU
		{84F5AE5A-53DD-97A6-1829-94B92394256E}.Release|Any CPU.Build.0 = Release|Any CPU
		{2C02BAD5-168E-A45D-7114-34ADC70B3DAF}.Debug|Any CPU.ActiveCfg = Debug|Any CPU
		{2C02BAD5-168E-A45D-7114-34ADC70B3DAF}.Debug|Any CPU.Build.0 = Debug|Any CPU
		{2C02BAD5-168E-A45D-7114-34ADC70B3DAF}.Release|Any CPU.ActiveCfg = Release|Any CPU
		{2C02BAD5-168E-A45D-7114-34ADC70B3DAF}.Release|Any CPU.Build.0 = Release|Any CPU
		{D4A4ECD8-678A-95D6-14F5-91E92D5FA0F2}.Debug|Any CPU.ActiveCfg = Debug|Any CPU
		{D4A4ECD8-678A-95D6-14F5-91E92D5FA0F2}.Debug|Any CPU.Build.0 = Debug|Any CPU
		{D4A4ECD8-678A-95D6-14F5-91E92D5FA0F2}.Release|Any CPU.ActiveCfg = Release|Any CPU
		{D4A4ECD8-678A-95D6-14F5-91E92D5FA0F2}.Release|Any CPU.Build.0 = Release|Any CPU
		{B25769C6-E3BA-7FC1-8489-FAA9BB25C186}.Debug|Any CPU.ActiveCfg = Debug|Any CPU
		{B25769C6-E3BA-7FC1-8489-FAA9BB25C186}.Debug|Any CPU.Build.0 = Debug|Any CPU
		{B25769C6-E3BA-7FC1-8489-FAA9BB25C186}.Release|Any CPU.ActiveCfg = Release|Any CPU
		{B25769C6-E3BA-7FC1-8489-FAA9BB25C186}.Release|Any CPU.Build.0 = Release|Any CPU
		{97D4F2EE-3F00-054D-7900-EB238B0F0EFA}.Debug|Any CPU.ActiveCfg = Debug|Any CPU
		{97D4F2EE-3F00-054D-7900-EB238B0F0EFA}.Debug|Any CPU.Build.0 = Debug|Any CPU
		{97D4F2EE-3F00-054D-7900-EB238B0F0EFA}.Release|Any CPU.ActiveCfg = Release|Any CPU
		{97D4F2EE-3F00-054D-7900-EB238B0F0EFA}.Release|Any CPU.Build.0 = Release|Any CPU
		{DADB1654-E4A9-54AA-3491-117C1F314127}.Debug|Any CPU.ActiveCfg = Debug|Any CPU
		{DADB1654-E4A9-54AA-3491-117C1F314127}.Debug|Any CPU.Build.0 = Debug|Any CPU
		{DADB1654-E4A9-54AA-3491-117C1F314127}.Release|Any CPU.ActiveCfg = Release|Any CPU
		{DADB1654-E4A9-54AA-3491-117C1F314127}.Release|Any CPU.Build.0 = Release|Any CPU
		{E3DF8D5B-FB17-4B05-E732-BC33335E8A13}.Debug|Any CPU.ActiveCfg = Debug|Any CPU
		{E3DF8D5B-FB17-4B05-E732-BC33335E8A13}.Debug|Any CPU.Build.0 = Debug|Any CPU
		{E3DF8D5B-FB17-4B05-E732-BC33335E8A13}.Release|Any CPU.ActiveCfg = Release|Any CPU
		{E3DF8D5B-FB17-4B05-E732-BC33335E8A13}.Release|Any CPU.Build.0 = Release|Any CPU
		{F9713D8E-77E7-9141-08E4-578624E3DA66}.Debug|Any CPU.ActiveCfg = Debug|Any CPU
		{F9713D8E-77E7-9141-08E4-578624E3DA66}.Debug|Any CPU.Build.0 = Debug|Any CPU
		{F9713D8E-77E7-9141-08E4-578624E3DA66}.Release|Any CPU.ActiveCfg = Release|Any CPU
		{F9713D8E-77E7-9141-08E4-578624E3DA66}.Release|Any CPU.Build.0 = Release|Any CPU
		{65630BD3-6E92-73E1-D148-25F0B064F7A1}.Debug|Any CPU.ActiveCfg = Debug|Any CPU
		{65630BD3-6E92-73E1-D148-25F0B064F7A1}.Debug|Any CPU.Build.0 = Debug|Any CPU
		{65630BD3-6E92-73E1-D148-25F0B064F7A1}.Release|Any CPU.ActiveCfg = Release|Any CPU
		{65630BD3-6E92-73E1-D148-25F0B064F7A1}.Release|Any CPU.Build.0 = Release|Any CPU
		{DF69917B-EEE1-F6DB-CAA0-E16C91EA0148}.Debug|Any CPU.ActiveCfg = Debug|Any CPU
		{DF69917B-EEE1-F6DB-CAA0-E16C91EA0148}.Debug|Any CPU.Build.0 = Debug|Any CPU
		{DF69917B-EEE1-F6DB-CAA0-E16C91EA0148}.Release|Any CPU.ActiveCfg = Release|Any CPU
		{DF69917B-EEE1-F6DB-CAA0-E16C91EA0148}.Release|Any CPU.Build.0 = Release|Any CPU
		{88049E9B-8B17-4514-D569-7E7E1CC267E7}.Debug|Any CPU.ActiveCfg = Debug|Any CPU
		{88049E9B-8B17-4514-D569-7E7E1CC267E7}.Debug|Any CPU.Build.0 = Debug|Any CPU
		{88049E9B-8B17-4514-D569-7E7E1CC267E7}.Release|Any CPU.ActiveCfg = Release|Any CPU
		{88049E9B-8B17-4514-D569-7E7E1CC267E7}.Release|Any CPU.Build.0 = Release|Any CPU
		{448EE8B4-BE69-5804-4FEA-AC48772D9A21}.Debug|Any CPU.ActiveCfg = Debug|Any CPU
		{448EE8B4-BE69-5804-4FEA-AC48772D9A21}.Debug|Any CPU.Build.0 = Debug|Any CPU
		{448EE8B4-BE69-5804-4FEA-AC48772D9A21}.Release|Any CPU.ActiveCfg = Release|Any CPU
		{448EE8B4-BE69-5804-4FEA-AC48772D9A21}.Release|Any CPU.Build.0 = Release|Any CPU
		{57D2A069-8264-A7DA-A245-158D8C3BD366}.Debug|Any CPU.ActiveCfg = Debug|Any CPU
		{57D2A069-8264-A7DA-A245-158D8C3BD366}.Debug|Any CPU.Build.0 = Debug|Any CPU
		{57D2A069-8264-A7DA-A245-158D8C3BD366}.Release|Any CPU.ActiveCfg = Release|Any CPU
		{57D2A069-8264-A7DA-A245-158D8C3BD366}.Release|Any CPU.Build.0 = Release|Any CPU
		{BC18E1B3-B07C-E556-C44F-77433E801686}.Debug|Any CPU.ActiveCfg = Debug|Any CPU
		{BC18E1B3-B07C-E556-C44F-77433E801686}.Debug|Any CPU.Build.0 = Debug|Any CPU
		{BC18E1B3-B07C-E556-C44F-77433E801686}.Release|Any CPU.ActiveCfg = Release|Any CPU
		{BC18E1B3-B07C-E556-C44F-77433E801686}.Release|Any CPU.Build.0 = Release|Any CPU
		{CFB0FD95-A5AA-12CA-6656-BC8E5B6B2FA4}.Debug|Any CPU.ActiveCfg = Debug|Any CPU
		{CFB0FD95-A5AA-12CA-6656-BC8E5B6B2FA4}.Debug|Any CPU.Build.0 = Debug|Any CPU
		{CFB0FD95-A5AA-12CA-6656-BC8E5B6B2FA4}.Release|Any CPU.ActiveCfg = Release|Any CPU
		{CFB0FD95-A5AA-12CA-6656-BC8E5B6B2FA4}.Release|Any CPU.Build.0 = Release|Any CPU
		{58035A04-7769-35EF-1A36-E7818030078A}.Debug|Any CPU.ActiveCfg = Debug|Any CPU
		{58035A04-7769-35EF-1A36-E7818030078A}.Debug|Any CPU.Build.0 = Debug|Any CPU
		{58035A04-7769-35EF-1A36-E7818030078A}.Release|Any CPU.ActiveCfg = Release|Any CPU
		{58035A04-7769-35EF-1A36-E7818030078A}.Release|Any CPU.Build.0 = Release|Any CPU
		{266C2E73-AE89-A6B9-A265-63FEB1A35B27}.Debug|Any CPU.ActiveCfg = Debug|Any CPU
		{266C2E73-AE89-A6B9-A265-63FEB1A35B27}.Debug|Any CPU.Build.0 = Debug|Any CPU
		{266C2E73-AE89-A6B9-A265-63FEB1A35B27}.Release|Any CPU.ActiveCfg = Release|Any CPU
		{266C2E73-AE89-A6B9-A265-63FEB1A35B27}.Release|Any CPU.Build.0 = Release|Any CPU
		{89FE8BFB-AA4E-6652-E607-33C848FF28E3}.Debug|Any CPU.ActiveCfg = Debug|Any CPU
		{89FE8BFB-AA4E-6652-E607-33C848FF28E3}.Debug|Any CPU.Build.0 = Debug|Any CPU
		{89FE8BFB-AA4E-6652-E607-33C848FF28E3}.Release|Any CPU.ActiveCfg = Release|Any CPU
		{89FE8BFB-AA4E-6652-E607-33C848FF28E3}.Release|Any CPU.Build.0 = Release|Any CPU
		{A6C55B2E-9A8F-3110-191B-F365AA965DC9}.Debug|Any CPU.ActiveCfg = Debug|Any CPU
		{A6C55B2E-9A8F-3110-191B-F365AA965DC9}.Debug|Any CPU.Build.0 = Debug|Any CPU
		{A6C55B2E-9A8F-3110-191B-F365AA965DC9}.Release|Any CPU.ActiveCfg = Release|Any CPU
		{A6C55B2E-9A8F-3110-191B-F365AA965DC9}.Release|Any CPU.Build.0 = Release|Any CPU
		{7CF22034-CA78-6D57-EBDE-E6A038ED3822}.Debug|Any CPU.ActiveCfg = Debug|Any CPU
		{7CF22034-CA78-6D57-EBDE-E6A038ED3822}.Debug|Any CPU.Build.0 = Debug|Any CPU
		{7CF22034-CA78-6D57-EBDE-E6A038ED3822}.Release|Any CPU.ActiveCfg = Release|Any CPU
		{7CF22034-CA78-6D57-EBDE-E6A038ED3822}.Release|Any CPU.Build.0 = Release|Any CPU
		{C0907002-011B-A669-31CB-A3C54FA5507F}.Debug|Any CPU.ActiveCfg = Debug|Any CPU
		{C0907002-011B-A669-31CB-A3C54FA5507F}.Debug|Any CPU.Build.0 = Debug|Any CPU
		{C0907002-011B-A669-31CB-A3C54FA5507F}.Release|Any CPU.ActiveCfg = Release|Any CPU
		{C0907002-011B-A669-31CB-A3C54FA5507F}.Release|Any CPU.Build.0 = Release|Any CPU
		{C3EB3E7E-9B46-DD91-2471-D8FA8A92202F}.Debug|Any CPU.ActiveCfg = Debug|Any CPU
		{C3EB3E7E-9B46-DD91-2471-D8FA8A92202F}.Debug|Any CPU.Build.0 = Debug|Any CPU
		{C3EB3E7E-9B46-DD91-2471-D8FA8A92202F}.Release|Any CPU.ActiveCfg = Release|Any CPU
		{C3EB3E7E-9B46-DD91-2471-D8FA8A92202F}.Release|Any CPU.Build.0 = Release|Any CPU
		{081F2270-8C58-55E3-6AC1-3DC95D40A223}.Debug|Any CPU.ActiveCfg = Debug|Any CPU
		{081F2270-8C58-55E3-6AC1-3DC95D40A223}.Debug|Any CPU.Build.0 = Debug|Any CPU
		{081F2270-8C58-55E3-6AC1-3DC95D40A223}.Release|Any CPU.ActiveCfg = Release|Any CPU
		{081F2270-8C58-55E3-6AC1-3DC95D40A223}.Release|Any CPU.Build.0 = Release|Any CPU
		{C8AF5E65-0618-9EDE-458F-11BF3D68F391}.Debug|Any CPU.ActiveCfg = Debug|Any CPU
		{C8AF5E65-0618-9EDE-458F-11BF3D68F391}.Debug|Any CPU.Build.0 = Debug|Any CPU
		{C8AF5E65-0618-9EDE-458F-11BF3D68F391}.Release|Any CPU.ActiveCfg = Release|Any CPU
		{C8AF5E65-0618-9EDE-458F-11BF3D68F391}.Release|Any CPU.Build.0 = Release|Any CPU
		{60BC3277-6D97-B39E-17DA-804D5C21148C}.Debug|Any CPU.ActiveCfg = Debug|Any CPU
		{60BC3277-6D97-B39E-17DA-804D5C21148C}.Debug|Any CPU.Build.0 = Debug|Any CPU
		{60BC3277-6D97-B39E-17DA-804D5C21148C}.Release|Any CPU.ActiveCfg = Release|Any CPU
		{60BC3277-6D97-B39E-17DA-804D5C21148C}.Release|Any CPU.Build.0 = Release|Any CPU
		{ACEE884B-BD8F-1DB3-2EC8-A31D438C77FF}.Debug|Any CPU.ActiveCfg = Debug|Any CPU
		{ACEE884B-BD8F-1DB3-2EC8-A31D438C77FF}.Debug|Any CPU.Build.0 = Debug|Any CPU
		{ACEE884B-BD8F-1DB3-2EC8-A31D438C77FF}.Release|Any CPU.ActiveCfg = Release|Any CPU
		{ACEE884B-BD8F-1DB3-2EC8-A31D438C77FF}.Release|Any CPU.Build.0 = Release|Any CPU
		{CE6777DE-A79A-AA93-9688-7D6FFEF4CE43}.Debug|Any CPU.ActiveCfg = Debug|Any CPU
		{CE6777DE-A79A-AA93-9688-7D6FFEF4CE43}.Debug|Any CPU.Build.0 = Debug|Any CPU
		{CE6777DE-A79A-AA93-9688-7D6FFEF4CE43}.Release|Any CPU.ActiveCfg = Release|Any CPU
		{CE6777DE-A79A-AA93-9688-7D6FFEF4CE43}.Release|Any CPU.Build.0 = Release|Any CPU
		{F3F3ED51-0D26-7A3E-8F01-F18F77199FAD}.Debug|Any CPU.ActiveCfg = Debug|Any CPU
		{F3F3ED51-0D26-7A3E-8F01-F18F77199FAD}.Debug|Any CPU.Build.0 = Debug|Any CPU
		{F3F3ED51-0D26-7A3E-8F01-F18F77199FAD}.Release|Any CPU.ActiveCfg = Release|Any CPU
		{F3F3ED51-0D26-7A3E-8F01-F18F77199FAD}.Release|Any CPU.Build.0 = Release|Any CPU
		{F308F53E-C112-F9F4-AA24-E0FDE6521501}.Debug|Any CPU.ActiveCfg = Debug|Any CPU
		{F308F53E-C112-F9F4-AA24-E0FDE6521501}.Debug|Any CPU.Build.0 = Debug|Any CPU
		{F308F53E-C112-F9F4-AA24-E0FDE6521501}.Release|Any CPU.ActiveCfg = Release|Any CPU
		{F308F53E-C112-F9F4-AA24-E0FDE6521501}.Release|Any CPU.Build.0 = Release|Any CPU
	EndGlobalSection
	GlobalSection(SolutionProperties) = preSolution
		HideSolutionNode = FALSE
	EndGlobalSection
EndGlobal
